// !$*UTF8*$!
{
	archiveVersion = 1;
	classes = {
	};
	objectVersion = 56;
	objects = {

/* Begin PBXBuildFile section */
		4DD4EED604550388D245D6CB /* Pods_QAre.framework in Frameworks */ = {isa = PBXBuildFile; fileRef = BF57562D8DF8BE59FB0E3ACD /* Pods_QAre.framework */; };
		D307566B2C1EA333002C1EA6 /* ImageSaver.swift in Sources */ = {isa = PBXBuildFile; fileRef = D307566A2C1EA333002C1EA6 /* ImageSaver.swift */; };
		D307566E2C1EB7A7002C1EA6 /* GenerateHomeVC.swift in Sources */ = {isa = PBXBuildFile; fileRef = D307566C2C1EB7A7002C1EA6 /* GenerateHomeVC.swift */; };
		D307566F2C1EB7A7002C1EA6 /* GenerateHomeVC.xib in Resources */ = {isa = PBXBuildFile; fileRef = D307566D2C1EB7A7002C1EA6 /* GenerateHomeVC.xib */; };
		D30756732C1EBB17002C1EA6 /* HomeVC.swift in Sources */ = {isa = PBXBuildFile; fileRef = D30756712C1EBB17002C1EA6 /* HomeVC.swift */; };
		D30756742C1EBB17002C1EA6 /* HomeVC.xib in Resources */ = {isa = PBXBuildFile; fileRef = D30756722C1EBB17002C1EA6 /* HomeVC.xib */; };
		D30B62142C14A3730083E39B /* QRReaderVC.swift in Sources */ = {isa = PBXBuildFile; fileRef = D30B62122C14A3720083E39B /* QRReaderVC.swift */; };
		D30B62152C14A3730083E39B /* QRReaderVC.xib in Resources */ = {isa = PBXBuildFile; fileRef = D30B62132C14A3730083E39B /* QRReaderVC.xib */; };
		D30B62172C1575FA0083E39B /* ColorConstants.swift in Sources */ = {isa = PBXBuildFile; fileRef = D30B62162C1575FA0083E39B /* ColorConstants.swift */; };
		D35DD23D2C15DFB200460C37 /* QRGeneratorVC.xib in Resources */ = {isa = PBXBuildFile; fileRef = D35DD23B2C15DFB200460C37 /* QRGeneratorVC.xib */; };
		D35DD23E2C15DFB200460C37 /* QRGeneratorVC.swift in Sources */ = {isa = PBXBuildFile; fileRef = D35DD23C2C15DFB200460C37 /* QRGeneratorVC.swift */; };
		D3A0CCA52C1F3EE70025B49D /* TabBarWithCenterButton.swift in Sources */ = {isa = PBXBuildFile; fileRef = D3A0CCA42C1F3EE70025B49D /* TabBarWithCenterButton.swift */; };
		D3CCE3B62C12134200A883F3 /* AppDelegate.swift in Sources */ = {isa = PBXBuildFile; fileRef = D3CCE3B52C12134200A883F3 /* AppDelegate.swift */; };
		D3CCE3B82C12134200A883F3 /* SceneDelegate.swift in Sources */ = {isa = PBXBuildFile; fileRef = D3CCE3B72C12134200A883F3 /* SceneDelegate.swift */; };
		D3CCE3BA2C12134200A883F3 /* ViewController.swift in Sources */ = {isa = PBXBuildFile; fileRef = D3CCE3B92C12134200A883F3 /* ViewController.swift */; };
		D3CCE3BD2C12134200A883F3 /* Main.storyboard in Resources */ = {isa = PBXBuildFile; fileRef = D3CCE3BB2C12134200A883F3 /* Main.storyboard */; };
		D3CCE3BF2C12134300A883F3 /* Assets.xcassets in Resources */ = {isa = PBXBuildFile; fileRef = D3CCE3BE2C12134300A883F3 /* Assets.xcassets */; };
		D3CCE3C22C12134300A883F3 /* LaunchScreen.storyboard in Resources */ = {isa = PBXBuildFile; fileRef = D3CCE3C02C12134300A883F3 /* LaunchScreen.storyboard */; };
/* End PBXBuildFile section */

/* Begin PBXFileReference section */
		0BBA3B820C788312F675E9EB /* Pods-QAre.release.xcconfig */ = {isa = PBXFileReference; includeInIndex = 1; lastKnownFileType = text.xcconfig; name = "Pods-QAre.release.xcconfig"; path = "Target Support Files/Pods-QAre/Pods-QAre.release.xcconfig"; sourceTree = "<group>"; };
		ADA38B394DE63F504F237E32 /* Pods-QAre.debug.xcconfig */ = {isa = PBXFileReference; includeInIndex = 1; lastKnownFileType = text.xcconfig; name = "Pods-QAre.debug.xcconfig"; path = "Target Support Files/Pods-QAre/Pods-QAre.debug.xcconfig"; sourceTree = "<group>"; };
		BF57562D8DF8BE59FB0E3ACD /* Pods_QAre.framework */ = {isa = PBXFileReference; explicitFileType = wrapper.framework; includeInIndex = 0; path = Pods_QAre.framework; sourceTree = BUILT_PRODUCTS_DIR; };
		D307566A2C1EA333002C1EA6 /* ImageSaver.swift */ = {isa = PBXFileReference; lastKnownFileType = sourcecode.swift; path = ImageSaver.swift; sourceTree = "<group>"; };
		D307566C2C1EB7A7002C1EA6 /* GenerateHomeVC.swift */ = {isa = PBXFileReference; lastKnownFileType = sourcecode.swift; path = GenerateHomeVC.swift; sourceTree = "<group>"; };
		D307566D2C1EB7A7002C1EA6 /* GenerateHomeVC.xib */ = {isa = PBXFileReference; lastKnownFileType = file.xib; path = GenerateHomeVC.xib; sourceTree = "<group>"; };
		D30756712C1EBB17002C1EA6 /* HomeVC.swift */ = {isa = PBXFileReference; lastKnownFileType = sourcecode.swift; path = HomeVC.swift; sourceTree = "<group>"; };
		D30756722C1EBB17002C1EA6 /* HomeVC.xib */ = {isa = PBXFileReference; lastKnownFileType = file.xib; path = HomeVC.xib; sourceTree = "<group>"; };
		D30B62122C14A3720083E39B /* QRReaderVC.swift */ = {isa = PBXFileReference; lastKnownFileType = sourcecode.swift; path = QRReaderVC.swift; sourceTree = "<group>"; };
		D30B62132C14A3730083E39B /* QRReaderVC.xib */ = {isa = PBXFileReference; lastKnownFileType = file.xib; path = QRReaderVC.xib; sourceTree = "<group>"; };
		D30B62162C1575FA0083E39B /* ColorConstants.swift */ = {isa = PBXFileReference; lastKnownFileType = sourcecode.swift; path = ColorConstants.swift; sourceTree = "<group>"; };
		D35DD23B2C15DFB200460C37 /* QRGeneratorVC.xib */ = {isa = PBXFileReference; fileEncoding = 4; lastKnownFileType = file.xib; path = QRGeneratorVC.xib; sourceTree = "<group>"; };
		D35DD23C2C15DFB200460C37 /* QRGeneratorVC.swift */ = {isa = PBXFileReference; fileEncoding = 4; lastKnownFileType = sourcecode.swift; path = QRGeneratorVC.swift; sourceTree = "<group>"; };
		D3A0CCA42C1F3EE70025B49D /* TabBarWithCenterButton.swift */ = {isa = PBXFileReference; lastKnownFileType = sourcecode.swift; path = TabBarWithCenterButton.swift; sourceTree = "<group>"; };
		D3CCE3B22C12134200A883F3 /* QAre.app */ = {isa = PBXFileReference; explicitFileType = wrapper.application; includeInIndex = 0; path = QAre.app; sourceTree = BUILT_PRODUCTS_DIR; };
		D3CCE3B52C12134200A883F3 /* AppDelegate.swift */ = {isa = PBXFileReference; lastKnownFileType = sourcecode.swift; path = AppDelegate.swift; sourceTree = "<group>"; };
		D3CCE3B72C12134200A883F3 /* SceneDelegate.swift */ = {isa = PBXFileReference; lastKnownFileType = sourcecode.swift; path = SceneDelegate.swift; sourceTree = "<group>"; };
		D3CCE3B92C12134200A883F3 /* ViewController.swift */ = {isa = PBXFileReference; lastKnownFileType = sourcecode.swift; path = ViewController.swift; sourceTree = "<group>"; };
		D3CCE3BC2C12134200A883F3 /* Base */ = {isa = PBXFileReference; lastKnownFileType = file.storyboard; name = Base; path = Base.lproj/Main.storyboard; sourceTree = "<group>"; };
		D3CCE3BE2C12134300A883F3 /* Assets.xcassets */ = {isa = PBXFileReference; lastKnownFileType = folder.assetcatalog; path = Assets.xcassets; sourceTree = "<group>"; };
		D3CCE3C12C12134300A883F3 /* Base */ = {isa = PBXFileReference; lastKnownFileType = file.storyboard; name = Base; path = Base.lproj/LaunchScreen.storyboard; sourceTree = "<group>"; };
		D3CCE3C32C12134300A883F3 /* Info.plist */ = {isa = PBXFileReference; lastKnownFileType = text.plist.xml; path = Info.plist; sourceTree = "<group>"; };
/* End PBXFileReference section */

/* Begin PBXFrameworksBuildPhase section */
		D3CCE3AF2C12134200A883F3 /* Frameworks */ = {
			isa = PBXFrameworksBuildPhase;
			buildActionMask = 2147483647;
			files = (
				4DD4EED604550388D245D6CB /* Pods_QAre.framework in Frameworks */,
			);
			runOnlyForDeploymentPostprocessing = 0;
		};
/* End PBXFrameworksBuildPhase section */

/* Begin PBXGroup section */
		1DF3ED17C3C82736CDD0B481 /* Pods */ = {
			isa = PBXGroup;
			children = (
				ADA38B394DE63F504F237E32 /* Pods-QAre.debug.xcconfig */,
				0BBA3B820C788312F675E9EB /* Pods-QAre.release.xcconfig */,
			);
			path = Pods;
			sourceTree = "<group>";
		};
		8EAF64D57CB41D7C2FD74B64 /* Frameworks */ = {
			isa = PBXGroup;
			children = (
				BF57562D8DF8BE59FB0E3ACD /* Pods_QAre.framework */,
			);
			name = Frameworks;
			sourceTree = "<group>";
		};
		D30756702C1EBB05002C1EA6 /* Home */ = {
			isa = PBXGroup;
			children = (
				D30756712C1EBB17002C1EA6 /* HomeVC.swift */,
				D30756722C1EBB17002C1EA6 /* HomeVC.xib */,
			);
			path = Home;
			sourceTree = "<group>";
		};
		D30B62112C14A34B0083E39B /* QRReader */ = {
			isa = PBXGroup;
			children = (
				D30B62122C14A3720083E39B /* QRReaderVC.swift */,
				D30B62132C14A3730083E39B /* QRReaderVC.xib */,
			);
			path = QRReader;
			sourceTree = "<group>";
		};
		D30B62182C15B9760083E39B /* QRGenerator */ = {
			isa = PBXGroup;
			children = (
				D35DD23C2C15DFB200460C37 /* QRGeneratorVC.swift */,
				D35DD23B2C15DFB200460C37 /* QRGeneratorVC.xib */,
				D307566C2C1EB7A7002C1EA6 /* GenerateHomeVC.swift */,
				D307566D2C1EB7A7002C1EA6 /* GenerateHomeVC.xib */,
			);
			path = QRGenerator;
			sourceTree = "<group>";
		};
		D3CCE3A92C12134200A883F3 = {
			isa = PBXGroup;
			children = (
				D3CCE3B42C12134200A883F3 /* QAre */,
				D3CCE3B32C12134200A883F3 /* Products */,
				1DF3ED17C3C82736CDD0B481 /* Pods */,
				8EAF64D57CB41D7C2FD74B64 /* Frameworks */,
			);
			sourceTree = "<group>";
		};
		D3CCE3B32C12134200A883F3 /* Products */ = {
			isa = PBXGroup;
			children = (
				D3CCE3B22C12134200A883F3 /* QAre.app */,
			);
			name = Products;
			sourceTree = "<group>";
		};
		D3CCE3B42C12134200A883F3 /* QAre */ = {
			isa = PBXGroup;
			children = (
				D30756702C1EBB05002C1EA6 /* Home */,
				D30B62182C15B9760083E39B /* QRGenerator */,
				D30B62112C14A34B0083E39B /* QRReader */,
				D3CCE3B52C12134200A883F3 /* AppDelegate.swift */,
				D3CCE3B72C12134200A883F3 /* SceneDelegate.swift */,
				D3CCE3B92C12134200A883F3 /* ViewController.swift */,
				D3CCE3BB2C12134200A883F3 /* Main.storyboard */,
				D3CCE3BE2C12134300A883F3 /* Assets.xcassets */,
				D3CCE3C02C12134300A883F3 /* LaunchScreen.storyboard */,
				D3CCE3C32C12134300A883F3 /* Info.plist */,
				D30B62162C1575FA0083E39B /* ColorConstants.swift */,
				D307566A2C1EA333002C1EA6 /* ImageSaver.swift */,
				D3A0CCA42C1F3EE70025B49D /* TabBarWithCenterButton.swift */,
			);
			path = QAre;
			sourceTree = "<group>";
		};
/* End PBXGroup section */

/* Begin PBXNativeTarget section */
		D3CCE3B12C12134200A883F3 /* QAre */ = {
			isa = PBXNativeTarget;
			buildConfigurationList = D3CCE3C62C12134300A883F3 /* Build configuration list for PBXNativeTarget "QAre" */;
			buildPhases = (
				366588CB8DA75C7542855FAE /* [CP] Check Pods Manifest.lock */,
				D3CCE3AE2C12134200A883F3 /* Sources */,
				D3CCE3AF2C12134200A883F3 /* Frameworks */,
				D3CCE3B02C12134200A883F3 /* Resources */,
				059EC8E68C81FF9A9B2B959F /* [CP] Embed Pods Frameworks */,
			);
			buildRules = (
			);
			dependencies = (
			);
			name = QAre;
			productName = QAre;
			productReference = D3CCE3B22C12134200A883F3 /* QAre.app */;
			productType = "com.apple.product-type.application";
		};
/* End PBXNativeTarget section */

/* Begin PBXProject section */
		D3CCE3AA2C12134200A883F3 /* Project object */ = {
			isa = PBXProject;
			attributes = {
				BuildIndependentTargetsInParallel = 1;
				LastSwiftUpdateCheck = 1520;
				LastUpgradeCheck = 1520;
				TargetAttributes = {
					D3CCE3B12C12134200A883F3 = {
						CreatedOnToolsVersion = 15.2;
					};
				};
			};
			buildConfigurationList = D3CCE3AD2C12134200A883F3 /* Build configuration list for PBXProject "QAre" */;
			compatibilityVersion = "Xcode 14.0";
			developmentRegion = en;
			hasScannedForEncodings = 0;
			knownRegions = (
				en,
				Base,
			);
			mainGroup = D3CCE3A92C12134200A883F3;
			productRefGroup = D3CCE3B32C12134200A883F3 /* Products */;
			projectDirPath = "";
			projectRoot = "";
			targets = (
				D3CCE3B12C12134200A883F3 /* QAre */,
			);
		};
/* End PBXProject section */

/* Begin PBXResourcesBuildPhase section */
		D3CCE3B02C12134200A883F3 /* Resources */ = {
			isa = PBXResourcesBuildPhase;
			buildActionMask = 2147483647;
			files = (
				D35DD23D2C15DFB200460C37 /* QRGeneratorVC.xib in Resources */,
				D3CCE3C22C12134300A883F3 /* LaunchScreen.storyboard in Resources */,
				D3CCE3BF2C12134300A883F3 /* Assets.xcassets in Resources */,
				D30B62152C14A3730083E39B /* QRReaderVC.xib in Resources */,
				D307566F2C1EB7A7002C1EA6 /* GenerateHomeVC.xib in Resources */,
				D3CCE3BD2C12134200A883F3 /* Main.storyboard in Resources */,
				D30756742C1EBB17002C1EA6 /* HomeVC.xib in Resources */,
			);
			runOnlyForDeploymentPostprocessing = 0;
		};
/* End PBXResourcesBuildPhase section */

/* Begin PBXShellScriptBuildPhase section */
		059EC8E68C81FF9A9B2B959F /* [CP] Embed Pods Frameworks */ = {
			isa = PBXShellScriptBuildPhase;
			buildActionMask = 12;
			files = (
			);
			inputFileListPaths = (
				"${PODS_ROOT}/Target Support Files/Pods-QAre/Pods-QAre-frameworks-${CONFIGURATION}-input-files.xcfilelist",
			);
			name = "[CP] Embed Pods Frameworks";
			outputFileListPaths = (
				"${PODS_ROOT}/Target Support Files/Pods-QAre/Pods-QAre-frameworks-${CONFIGURATION}-output-files.xcfilelist",
			);
			runOnlyForDeploymentPostprocessing = 0;
			shellPath = /bin/sh;
			shellScript = "\"${PODS_ROOT}/Target Support Files/Pods-QAre/Pods-QAre-frameworks.sh\"\n";
			showEnvVarsInLog = 0;
		};
		366588CB8DA75C7542855FAE /* [CP] Check Pods Manifest.lock */ = {
			isa = PBXShellScriptBuildPhase;
			buildActionMask = 2147483647;
			files = (
			);
			inputFileListPaths = (
			);
			inputPaths = (
				"${PODS_PODFILE_DIR_PATH}/Podfile.lock",
				"${PODS_ROOT}/Manifest.lock",
			);
			name = "[CP] Check Pods Manifest.lock";
			outputFileListPaths = (
			);
			outputPaths = (
				"$(DERIVED_FILE_DIR)/Pods-QAre-checkManifestLockResult.txt",
			);
			runOnlyForDeploymentPostprocessing = 0;
			shellPath = /bin/sh;
			shellScript = "diff \"${PODS_PODFILE_DIR_PATH}/Podfile.lock\" \"${PODS_ROOT}/Manifest.lock\" > /dev/null\nif [ $? != 0 ] ; then\n    # print error to STDERR\n    echo \"error: The sandbox is not in sync with the Podfile.lock. Run 'pod install' or update your CocoaPods installation.\" >&2\n    exit 1\nfi\n# This output is used by Xcode 'outputs' to avoid re-running this script phase.\necho \"SUCCESS\" > \"${SCRIPT_OUTPUT_FILE_0}\"\n";
			showEnvVarsInLog = 0;
		};
/* End PBXShellScriptBuildPhase section */

/* Begin PBXSourcesBuildPhase section */
		D3CCE3AE2C12134200A883F3 /* Sources */ = {
			isa = PBXSourcesBuildPhase;
			buildActionMask = 2147483647;
			files = (
				D3CCE3BA2C12134200A883F3 /* ViewController.swift in Sources */,
				D35DD23E2C15DFB200460C37 /* QRGeneratorVC.swift in Sources */,
				D3CCE3B62C12134200A883F3 /* AppDelegate.swift in Sources */,
				D30756732C1EBB17002C1EA6 /* HomeVC.swift in Sources */,
				D307566B2C1EA333002C1EA6 /* ImageSaver.swift in Sources */,
				D307566E2C1EB7A7002C1EA6 /* GenerateHomeVC.swift in Sources */,
				D30B62142C14A3730083E39B /* QRReaderVC.swift in Sources */,
				D30B62172C1575FA0083E39B /* ColorConstants.swift in Sources */,
				D3A0CCA52C1F3EE70025B49D /* TabBarWithCenterButton.swift in Sources */,
				D3CCE3B82C12134200A883F3 /* SceneDelegate.swift in Sources */,
			);
			runOnlyForDeploymentPostprocessing = 0;
		};
/* End PBXSourcesBuildPhase section */

/* Begin PBXVariantGroup section */
		D3CCE3BB2C12134200A883F3 /* Main.storyboard */ = {
			isa = PBXVariantGroup;
			children = (
				D3CCE3BC2C12134200A883F3 /* Base */,
			);
			name = Main.storyboard;
			sourceTree = "<group>";
		};
		D3CCE3C02C12134300A883F3 /* LaunchScreen.storyboard */ = {
			isa = PBXVariantGroup;
			children = (
				D3CCE3C12C12134300A883F3 /* Base */,
			);
			name = LaunchScreen.storyboard;
			sourceTree = "<group>";
		};
/* End PBXVariantGroup section */

/* Begin XCBuildConfiguration section */
		D3CCE3C42C12134300A883F3 /* Debug */ = {
			isa = XCBuildConfiguration;
			buildSettings = {
				ALWAYS_SEARCH_USER_PATHS = NO;
				ASSETCATALOG_COMPILER_GENERATE_SWIFT_ASSET_SYMBOL_EXTENSIONS = YES;
				CLANG_ANALYZER_NONNULL = YES;
				CLANG_ANALYZER_NUMBER_OBJECT_CONVERSION = YES_AGGRESSIVE;
				CLANG_CXX_LANGUAGE_STANDARD = "gnu++20";
				CLANG_ENABLE_MODULES = YES;
				CLANG_ENABLE_OBJC_ARC = YES;
				CLANG_ENABLE_OBJC_WEAK = YES;
				CLANG_WARN_BLOCK_CAPTURE_AUTORELEASING = YES;
				CLANG_WARN_BOOL_CONVERSION = YES;
				CLANG_WARN_COMMA = YES;
				CLANG_WARN_CONSTANT_CONVERSION = YES;
				CLANG_WARN_DEPRECATED_OBJC_IMPLEMENTATIONS = YES;
				CLANG_WARN_DIRECT_OBJC_ISA_USAGE = YES_ERROR;
				CLANG_WARN_DOCUMENTATION_COMMENTS = YES;
				CLANG_WARN_EMPTY_BODY = YES;
				CLANG_WARN_ENUM_CONVERSION = YES;
				CLANG_WARN_INFINITE_RECURSION = YES;
				CLANG_WARN_INT_CONVERSION = YES;
				CLANG_WARN_NON_LITERAL_NULL_CONVERSION = YES;
				CLANG_WARN_OBJC_IMPLICIT_RETAIN_SELF = YES;
				CLANG_WARN_OBJC_LITERAL_CONVERSION = YES;
				CLANG_WARN_OBJC_ROOT_CLASS = YES_ERROR;
				CLANG_WARN_QUOTED_INCLUDE_IN_FRAMEWORK_HEADER = YES;
				CLANG_WARN_RANGE_LOOP_ANALYSIS = YES;
				CLANG_WARN_STRICT_PROTOTYPES = YES;
				CLANG_WARN_SUSPICIOUS_MOVE = YES;
				CLANG_WARN_UNGUARDED_AVAILABILITY = YES_AGGRESSIVE;
				CLANG_WARN_UNREACHABLE_CODE = YES;
				CLANG_WARN__DUPLICATE_METHOD_MATCH = YES;
				COPY_PHASE_STRIP = NO;
				DEBUG_INFORMATION_FORMAT = dwarf;
				ENABLE_STRICT_OBJC_MSGSEND = YES;
				ENABLE_TESTABILITY = YES;
				ENABLE_USER_SCRIPT_SANDBOXING = YES;
				GCC_C_LANGUAGE_STANDARD = gnu17;
				GCC_DYNAMIC_NO_PIC = NO;
				GCC_NO_COMMON_BLOCKS = YES;
				GCC_OPTIMIZATION_LEVEL = 0;
				GCC_PREPROCESSOR_DEFINITIONS = (
					"DEBUG=1",
					"$(inherited)",
				);
				GCC_WARN_64_TO_32_BIT_CONVERSION = YES;
				GCC_WARN_ABOUT_RETURN_TYPE = YES_ERROR;
				GCC_WARN_UNDECLARED_SELECTOR = YES;
				GCC_WARN_UNINITIALIZED_AUTOS = YES_AGGRESSIVE;
				GCC_WARN_UNUSED_FUNCTION = YES;
				GCC_WARN_UNUSED_VARIABLE = YES;
				IPHONEOS_DEPLOYMENT_TARGET = 16.0;
				LOCALIZATION_PREFERS_STRING_CATALOGS = YES;
				MTL_ENABLE_DEBUG_INFO = INCLUDE_SOURCE;
				MTL_FAST_MATH = YES;
				ONLY_ACTIVE_ARCH = YES;
				SDKROOT = iphoneos;
				SWIFT_ACTIVE_COMPILATION_CONDITIONS = "DEBUG $(inherited)";
				SWIFT_OPTIMIZATION_LEVEL = "-Onone";
			};
			name = Debug;
		};
		D3CCE3C52C12134300A883F3 /* Release */ = {
			isa = XCBuildConfiguration;
			buildSettings = {
				ALWAYS_SEARCH_USER_PATHS = NO;
				ASSETCATALOG_COMPILER_GENERATE_SWIFT_ASSET_SYMBOL_EXTENSIONS = YES;
				CLANG_ANALYZER_NONNULL = YES;
				CLANG_ANALYZER_NUMBER_OBJECT_CONVERSION = YES_AGGRESSIVE;
				CLANG_CXX_LANGUAGE_STANDARD = "gnu++20";
				CLANG_ENABLE_MODULES = YES;
				CLANG_ENABLE_OBJC_ARC = YES;
				CLANG_ENABLE_OBJC_WEAK = YES;
				CLANG_WARN_BLOCK_CAPTURE_AUTORELEASING = YES;
				CLANG_WARN_BOOL_CONVERSION = YES;
				CLANG_WARN_COMMA = YES;
				CLANG_WARN_CONSTANT_CONVERSION = YES;
				CLANG_WARN_DEPRECATED_OBJC_IMPLEMENTATIONS = YES;
				CLANG_WARN_DIRECT_OBJC_ISA_USAGE = YES_ERROR;
				CLANG_WARN_DOCUMENTATION_COMMENTS = YES;
				CLANG_WARN_EMPTY_BODY = YES;
				CLANG_WARN_ENUM_CONVERSION = YES;
				CLANG_WARN_INFINITE_RECURSION = YES;
				CLANG_WARN_INT_CONVERSION = YES;
				CLANG_WARN_NON_LITERAL_NULL_CONVERSION = YES;
				CLANG_WARN_OBJC_IMPLICIT_RETAIN_SELF = YES;
				CLANG_WARN_OBJC_LITERAL_CONVERSION = YES;
				CLANG_WARN_OBJC_ROOT_CLASS = YES_ERROR;
				CLANG_WARN_QUOTED_INCLUDE_IN_FRAMEWORK_HEADER = YES;
				CLANG_WARN_RANGE_LOOP_ANALYSIS = YES;
				CLANG_WARN_STRICT_PROTOTYPES = YES;
				CLANG_WARN_SUSPICIOUS_MOVE = YES;
				CLANG_WARN_UNGUARDED_AVAILABILITY = YES_AGGRESSIVE;
				CLANG_WARN_UNREACHABLE_CODE = YES;
				CLANG_WARN__DUPLICATE_METHOD_MATCH = YES;
				COPY_PHASE_STRIP = NO;
				DEBUG_INFORMATION_FORMAT = "dwarf-with-dsym";
				ENABLE_NS_ASSERTIONS = NO;
				ENABLE_STRICT_OBJC_MSGSEND = YES;
				ENABLE_USER_SCRIPT_SANDBOXING = YES;
				GCC_C_LANGUAGE_STANDARD = gnu17;
				GCC_NO_COMMON_BLOCKS = YES;
				GCC_WARN_64_TO_32_BIT_CONVERSION = YES;
				GCC_WARN_ABOUT_RETURN_TYPE = YES_ERROR;
				GCC_WARN_UNDECLARED_SELECTOR = YES;
				GCC_WARN_UNINITIALIZED_AUTOS = YES_AGGRESSIVE;
				GCC_WARN_UNUSED_FUNCTION = YES;
				GCC_WARN_UNUSED_VARIABLE = YES;
				IPHONEOS_DEPLOYMENT_TARGET = 16.0;
				LOCALIZATION_PREFERS_STRING_CATALOGS = YES;
				MTL_ENABLE_DEBUG_INFO = NO;
				MTL_FAST_MATH = YES;
				SDKROOT = iphoneos;
				SWIFT_COMPILATION_MODE = wholemodule;
				VALIDATE_PRODUCT = YES;
			};
			name = Release;
		};
		D3CCE3C72C12134300A883F3 /* Debug */ = {
			isa = XCBuildConfiguration;
			baseConfigurationReference = ADA38B394DE63F504F237E32 /* Pods-QAre.debug.xcconfig */;
			buildSettings = {
				ASSETCATALOG_COMPILER_APPICON_NAME = AppIcon;
				ASSETCATALOG_COMPILER_GLOBAL_ACCENT_COLOR_NAME = AccentColor;
				CODE_SIGN_STYLE = Automatic;
				CURRENT_PROJECT_VERSION = 1;
				DEVELOPMENT_TEAM = 5M7PLF7KWB;
				ENABLE_USER_SCRIPT_SANDBOXING = NO;
				GENERATE_INFOPLIST_FILE = YES;
				INFOPLIST_FILE = QAre/Info.plist;
				INFOPLIST_KEY_UIApplicationSupportsIndirectInputEvents = YES;
				INFOPLIST_KEY_UILaunchStoryboardName = QRReaderVC;
				INFOPLIST_KEY_UIMainStoryboardFile = Main;
				INFOPLIST_KEY_UISupportedInterfaceOrientations_iPad = "UIInterfaceOrientationPortrait UIInterfaceOrientationPortraitUpsideDown UIInterfaceOrientationLandscapeLeft UIInterfaceOrientationLandscapeRight";
				INFOPLIST_KEY_UISupportedInterfaceOrientations_iPhone = "UIInterfaceOrientationPortrait UIInterfaceOrientationLandscapeLeft UIInterfaceOrientationLandscapeRight";
				LD_RUNPATH_SEARCH_PATHS = (
					"$(inherited)",
					"@executable_path/Frameworks",
				);
				MARKETING_VERSION = 1.0;
				PRODUCT_BUNDLE_IDENTIFIER = debashish.QAre;
				PRODUCT_NAME = "$(TARGET_NAME)";
				SWIFT_EMIT_LOC_STRINGS = YES;
				SWIFT_VERSION = 5.0;
				TARGETED_DEVICE_FAMILY = "1,2";
			};
			name = Debug;
		};
		D3CCE3C82C12134300A883F3 /* Release */ = {
			isa = XCBuildConfiguration;
			baseConfigurationReference = 0BBA3B820C788312F675E9EB /* Pods-QAre.release.xcconfig */;
			buildSettings = {
				ASSETCATALOG_COMPILER_APPICON_NAME = AppIcon;
				ASSETCATALOG_COMPILER_GLOBAL_ACCENT_COLOR_NAME = AccentColor;
				CODE_SIGN_STYLE = Automatic;
				CURRENT_PROJECT_VERSION = 1;
				DEVELOPMENT_TEAM = 5M7PLF7KWB;
				ENABLE_USER_SCRIPT_SANDBOXING = NO;
				GENERATE_INFOPLIST_FILE = YES;
				INFOPLIST_FILE = QAre/Info.plist;
				INFOPLIST_KEY_UIApplicationSupportsIndirectInputEvents = YES;
				INFOPLIST_KEY_UILaunchStoryboardName = QRReaderVC;
				INFOPLIST_KEY_UIMainStoryboardFile = Main;
				INFOPLIST_KEY_UISupportedInterfaceOrientations_iPad = "UIInterfaceOrientationPortrait UIInterfaceOrientationPortraitUpsideDown UIInterfaceOrientationLandscapeLeft UIInterfaceOrientationLandscapeRight";
				INFOPLIST_KEY_UISupportedInterfaceOrientations_iPhone = "UIInterfaceOrientationPortrait UIInterfaceOrientationLandscapeLeft UIInterfaceOrientationLandscapeRight";
				LD_RUNPATH_SEARCH_PATHS = (
					"$(inherited)",
					"@executable_path/Frameworks",
				);
				MARKETING_VERSION = 1.0;
				PRODUCT_BUNDLE_IDENTIFIER = debashish.QAre;
				PRODUCT_NAME = "$(TARGET_NAME)";
				SWIFT_EMIT_LOC_STRINGS = YES;
				SWIFT_VERSION = 5.0;
				TARGETED_DEVICE_FAMILY = "1,2";
			};
			name = Release;
		};
/* End XCBuildConfiguration section */

/* Begin XCConfigurationList section */
		D3CCE3AD2C12134200A883F3 /* Build configuration list for PBXProject "QAre" */ = {
			isa = XCConfigurationList;
			buildConfigurations = (
				D3CCE3C42C12134300A883F3 /* Debug */,
				D3CCE3C52C12134300A883F3 /* Release */,
			);
			defaultConfigurationIsVisible = 0;
			defaultConfigurationName = Release;
		};
		D3CCE3C62C12134300A883F3 /* Build configuration list for PBXNativeTarget "QAre" */ = {
			isa = XCConfigurationList;
			buildConfigurations = (
				D3CCE3C72C12134300A883F3 /* Debug */,
				D3CCE3C82C12134300A883F3 /* Release */,
			);
			defaultConfigurationIsVisible = 0;
			defaultConfigurationName = Release;
		};
/* End XCConfigurationList section */
	};
	rootObject = D3CCE3AA2C12134200A883F3 /* Project object */;
}
